Microsoft Visual Studio Solution File, Format Version 12.00
# Visual Studio 2012
Project("{FAE04EC0-301F-11D3-BF4B-00C04F79EFBC}") = "robofootball_server", "robofootball_server.csproj", "{EF16E82F-F984-4C25-8FFB-CDFA9A12E6D6}"
EndProject
Global
	GlobalSection(SolutionConfigurationPlatforms) = preSolution
	Debug|Any CPU = Debug|Any CPU
	ExportDebug|Any CPU = ExportDebug|Any CPU
	ExportRelease|Any CPU = ExportRelease|Any CPU
	EndGlobalSection
	GlobalSection(ProjectConfigurationPlatforms) = postSolution
		{EF16E82F-F984-4C25-8FFB-CDFA9A12E6D6}.Debug|Any CPU.ActiveCfg = Debug|Any CPU
		{EF16E82F-F984-4C25-8FFB-CDFA9A12E6D6}.Debug|Any CPU.Build.0 = Debug|Any CPU
		{EF16E82F-F984-4C25-8FFB-CDFA9A12E6D6}.ExportDebug|Any CPU.ActiveCfg = ExportDebug|Any CPU
		{EF16E82F-F984-4C25-8FFB-CDFA9A12E6D6}.ExportDebug|Any CPU.Build.0 = ExportDebug|Any CPU
		{EF16E82F-F984-4C25-8FFB-CDFA9A12E6D6}.ExportRelease|Any CPU.ActiveCfg = ExportRelease|Any CPU
		{EF16E82F-F984-4C25-8FFB-CDFA9A12E6D6}.ExportRelease|Any CPU.Build.0 = ExportRelease|Any CPU
	EndGlobalSection
EndGlobal
